
Microsoft Visual Studio Solution File, Format Version 12.00
# Visual Studio 15
VisualStudioVersion = 15.0.28307.1267
MinimumVisualStudioVersion = 10.0.40219.1
Project("{FAE04EC0-301F-11D3-BF4B-00C04F79EFBC}") = "SaaS", "SaaS\SaaS.csproj", "{BE279B99-AC87-4563-A401-19A76EA583C0}"
EndProject
Global
	GlobalSection(SolutionConfigurationPlatforms) = preSolution
		Debug|Any CPU = Debug|Any CPU
		Release|Any CPU = Release|Any CPU
	EndGlobalSection
	GlobalSection(ProjectConfigurationPlatforms) = postSolution
		{BE279B99-AC87-4563-A401-19A76EA583C0}.Debug|Any CPU.ActiveCfg = Debug|Any CPU
		{BE279B99-AC87-4563-A401-19A76EA583C0}.Debug|Any CPU.Build.0 = Debug|Any CPU
		{BE279B99-AC87-4563-A401-19A76EA583C0}.Release|Any CPU.ActiveCfg = Release|Any CPU
		{BE279B99-AC87-4563-A401-19A76EA583C0}.Release|Any CPU.Build.0 = Release|Any CPU
	EndGlobalSection
	GlobalSection(SolutionProperties) = preSolution
		HideSolutionNode = FALSE
	EndGlobalSection
	GlobalSection(ExtensibilityGlobals) = postSolution
		SolutionGuid = {F1583767-4B60-44B7-BCC2-3168256B94C8}
	EndGlobalSection
EndGlobal
